// !$*UTF8*$!
{
	archiveVersion = 1;
	classes = {
	};
	objectVersion = 50;
	objects = {

/* Begin PBXBuildFile section */
		CFDAF36F72A359B190B0E58A /* Pods_Todoey.framework in Frameworks */ = {isa = PBXBuildFile; fileRef = 58729D3EFF7CD9BE1738F42F /* Pods_Todoey.framework */; };
		E307C385235F340400822542 /* Item.swift in Sources */ = {isa = PBXBuildFile; fileRef = E307C384235F340400822542 /* Item.swift */; };
		E307C387235F341600822542 /* Category.swift in Sources */ = {isa = PBXBuildFile; fileRef = E307C386235F341600822542 /* Category.swift */; };
		E31950022350E4EB008EF452 /* AppDelegate.swift in Sources */ = {isa = PBXBuildFile; fileRef = E31950012350E4EB008EF452 /* AppDelegate.swift */; };
		E31950042350E4EB008EF452 /* TodoListViewController.swift in Sources */ = {isa = PBXBuildFile; fileRef = E31950032350E4EB008EF452 /* TodoListViewController.swift */; };
		E31950072350E4EB008EF452 /* Main.storyboard in Resources */ = {isa = PBXBuildFile; fileRef = E31950052350E4EB008EF452 /* Main.storyboard */; };
		E31950092350E4ED008EF452 /* Assets.xcassets in Resources */ = {isa = PBXBuildFile; fileRef = E31950082350E4ED008EF452 /* Assets.xcassets */; };
		E319500C2350E4ED008EF452 /* LaunchScreen.storyboard in Resources */ = {isa = PBXBuildFile; fileRef = E319500A2350E4ED008EF452 /* LaunchScreen.storyboard */; };
		E31BABB32360CB3400E06ECD /* SwipeTableViewController.swift in Sources */ = {isa = PBXBuildFile; fileRef = E31BABB22360CB3300E06ECD /* SwipeTableViewController.swift */; };
		E3348C2323536E5E00E4DADD /* CategoryViewController.swift in Sources */ = {isa = PBXBuildFile; fileRef = E3348C2223536E5E00E4DADD /* CategoryViewController.swift */; };
/* End PBXBuildFile section */

/* Begin PBXFileReference section */
		58729D3EFF7CD9BE1738F42F /* Pods_Todoey.framework */ = {isa = PBXFileReference; explicitFileType = wrapper.framework; includeInIndex = 0; path = Pods_Todoey.framework; sourceTree = BUILT_PRODUCTS_DIR; };
		76B72EF89CEB975802BBB7E8 /* Pods-Todoey.release.xcconfig */ = {isa = PBXFileReference; includeInIndex = 1; lastKnownFileType = text.xcconfig; name = "Pods-Todoey.release.xcconfig"; path = "Target Support Files/Pods-Todoey/Pods-Todoey.release.xcconfig"; sourceTree = "<group>"; };
		B2C5ADEE9D0E499B764F93C4 /* Pods-Todoey.debug.xcconfig */ = {isa = PBXFileReference; includeInIndex = 1; lastKnownFileType = text.xcconfig; name = "Pods-Todoey.debug.xcconfig"; path = "Target Support Files/Pods-Todoey/Pods-Todoey.debug.xcconfig"; sourceTree = "<group>"; };
		E307C384235F340400822542 /* Item.swift */ = {isa = PBXFileReference; lastKnownFileType = sourcecode.swift; path = Item.swift; sourceTree = "<group>"; };
		E307C386235F341600822542 /* Category.swift */ = {isa = PBXFileReference; lastKnownFileType = sourcecode.swift; path = Category.swift; sourceTree = "<group>"; };
		E3194FFE2350E4EB008EF452 /* Todoey.app */ = {isa = PBXFileReference; explicitFileType = wrapper.application; includeInIndex = 0; path = Todoey.app; sourceTree = BUILT_PRODUCTS_DIR; };
		E31950012350E4EB008EF452 /* AppDelegate.swift */ = {isa = PBXFileReference; lastKnownFileType = sourcecode.swift; path = AppDelegate.swift; sourceTree = "<group>"; };
		E31950032350E4EB008EF452 /* TodoListViewController.swift */ = {isa = PBXFileReference; lastKnownFileType = sourcecode.swift; path = TodoListViewController.swift; sourceTree = "<group>"; };
		E31950062350E4EB008EF452 /* Base */ = {isa = PBXFileReference; lastKnownFileType = file.storyboard; name = Base; path = Base.lproj/Main.storyboard; sourceTree = "<group>"; };
		E31950082350E4ED008EF452 /* Assets.xcassets */ = {isa = PBXFileReference; lastKnownFileType = folder.assetcatalog; path = Assets.xcassets; sourceTree = "<group>"; };
		E319500B2350E4ED008EF452 /* Base */ = {isa = PBXFileReference; lastKnownFileType = file.storyboard; name = Base; path = Base.lproj/LaunchScreen.storyboard; sourceTree = "<group>"; };
		E319500D2350E4ED008EF452 /* Info.plist */ = {isa = PBXFileReference; lastKnownFileType = text.plist.xml; path = Info.plist; sourceTree = "<group>"; };
		E31BABB22360CB3300E06ECD /* SwipeTableViewController.swift */ = {isa = PBXFileReference; lastKnownFileType = sourcecode.swift; path = SwipeTableViewController.swift; sourceTree = "<group>"; };
		E3348C2223536E5E00E4DADD /* CategoryViewController.swift */ = {isa = PBXFileReference; lastKnownFileType = sourcecode.swift; path = CategoryViewController.swift; sourceTree = "<group>"; };
/* End PBXFileReference section */

/* Begin PBXFrameworksBuildPhase section */
		E3194FFB2350E4EB008EF452 /* Frameworks */ = {
			isa = PBXFrameworksBuildPhase;
			buildActionMask = 2147483647;
			files = (
				CFDAF36F72A359B190B0E58A /* Pods_Todoey.framework in Frameworks */,
			);
			runOnlyForDeploymentPostprocessing = 0;
		};
/* End PBXFrameworksBuildPhase section */

/* Begin PBXGroup section */
		62975CF552FFF924853E3A79 /* Frameworks */ = {
			isa = PBXGroup;
			children = (
				58729D3EFF7CD9BE1738F42F /* Pods_Todoey.framework */,
			);
			name = Frameworks;
			sourceTree = "<group>";
		};
		82C6D0EE93E9713A7D14327E /* Pods */ = {
			isa = PBXGroup;
			children = (
				B2C5ADEE9D0E499B764F93C4 /* Pods-Todoey.debug.xcconfig */,
				76B72EF89CEB975802BBB7E8 /* Pods-Todoey.release.xcconfig */,
			);
			path = Pods;
			sourceTree = "<group>";
		};
		E317E8962352446D00B2D4CC /* Data Model */ = {
			isa = PBXGroup;
			children = (
				E307C386235F341600822542 /* Category.swift */,
				E307C384235F340400822542 /* Item.swift */,
			);
			path = "Data Model";
			sourceTree = "<group>";
		};
		E317E8972352448F00B2D4CC /* Controllers */ = {
			isa = PBXGroup;
			children = (
				E3348C2223536E5E00E4DADD /* CategoryViewController.swift */,
				E31950032350E4EB008EF452 /* TodoListViewController.swift */,
				E31BABB22360CB3300E06ECD /* SwipeTableViewController.swift */,
			);
			path = Controllers;
			sourceTree = "<group>";
		};
		E317E8982352450000B2D4CC /* Views */ = {
			isa = PBXGroup;
			children = (
				E31950052350E4EB008EF452 /* Main.storyboard */,
			);
			path = Views;
			sourceTree = "<group>";
		};
		E317E8992352451400B2D4CC /* Supporting Files */ = {
			isa = PBXGroup;
			children = (
				E31950082350E4ED008EF452 /* Assets.xcassets */,
				E319500A2350E4ED008EF452 /* LaunchScreen.storyboard */,
			);
			path = "Supporting Files";
			sourceTree = "<group>";
		};
		E3194FF52350E4EB008EF452 = {
			isa = PBXGroup;
			children = (
				E31950002350E4EB008EF452 /* Todoey */,
				E3194FFF2350E4EB008EF452 /* Products */,
				82C6D0EE93E9713A7D14327E /* Pods */,
				62975CF552FFF924853E3A79 /* Frameworks */,
			);
			sourceTree = "<group>";
		};
		E3194FFF2350E4EB008EF452 /* Products */ = {
			isa = PBXGroup;
			children = (
				E3194FFE2350E4EB008EF452 /* Todoey.app */,
			);
			name = Products;
			sourceTree = "<group>";
		};
		E31950002350E4EB008EF452 /* Todoey */ = {
			isa = PBXGroup;
			children = (
				E31950012350E4EB008EF452 /* AppDelegate.swift */,
				E317E8972352448F00B2D4CC /* Controllers */,
				E317E8962352446D00B2D4CC /* Data Model */,
				E317E8982352450000B2D4CC /* Views */,
				E317E8992352451400B2D4CC /* Supporting Files */,
				E319500D2350E4ED008EF452 /* Info.plist */,
			);
			path = Todoey;
			sourceTree = "<group>";
		};
/* End PBXGroup section */

/* Begin PBXNativeTarget section */
		E3194FFD2350E4EB008EF452 /* Todoey */ = {
			isa = PBXNativeTarget;
			buildConfigurationList = E31950102350E4ED008EF452 /* Build configuration list for PBXNativeTarget "Todoey" */;
			buildPhases = (
				EB2A65594FE9F247AE0DA250 /* [CP] Check Pods Manifest.lock */,
				E3194FFA2350E4EB008EF452 /* Sources */,
				E3194FFB2350E4EB008EF452 /* Frameworks */,
				E3194FFC2350E4EB008EF452 /* Resources */,
				9F4B99DDBA825FC8D4DB40B4 /* [CP] Embed Pods Frameworks */,
			);
			buildRules = (
			);
			dependencies = (
			);
			name = Todoey;
			productName = Todoey;
			productReference = E3194FFE2350E4EB008EF452 /* Todoey.app */;
			productType = "com.apple.product-type.application";
		};
/* End PBXNativeTarget section */

/* Begin PBXProject section */
		E3194FF62350E4EB008EF452 /* Project object */ = {
			isa = PBXProject;
			attributes = {
				LastSwiftUpdateCheck = 0940;
				LastUpgradeCheck = 0940;
				ORGANIZATIONNAME = "Fedor Semenov";
				TargetAttributes = {
					E3194FFD2350E4EB008EF452 = {
						CreatedOnToolsVersion = 9.4.1;
					};
				};
			};
			buildConfigurationList = E3194FF92350E4EB008EF452 /* Build configuration list for PBXProject "Todoey" */;
			compatibilityVersion = "Xcode 9.3";
			developmentRegion = en;
			hasScannedForEncodings = 0;
			knownRegions = (
				en,
				Base,
			);
			mainGroup = E3194FF52350E4EB008EF452;
			productRefGroup = E3194FFF2350E4EB008EF452 /* Products */;
			projectDirPath = "";
			projectRoot = "";
			targets = (
				E3194FFD2350E4EB008EF452 /* Todoey */,
			);
		};
/* End PBXProject section */

/* Begin PBXResourcesBuildPhase section */
		E3194FFC2350E4EB008EF452 /* Resources */ = {
			isa = PBXResourcesBuildPhase;
			buildActionMask = 2147483647;
			files = (
				E319500C2350E4ED008EF452 /* LaunchScreen.storyboard in Resources */,
				E31950092350E4ED008EF452 /* Assets.xcassets in Resources */,
				E31950072350E4EB008EF452 /* Main.storyboard in Resources */,
			);
			runOnlyForDeploymentPostprocessing = 0;
		};
/* End PBXResourcesBuildPhase section */

/* Begin PBXShellScriptBuildPhase section */
		9F4B99DDBA825FC8D4DB40B4 /* [CP] Embed Pods Frameworks */ = {
			isa = PBXShellScriptBuildPhase;
			buildActionMask = 2147483647;
			files = (
			);
			inputFileListPaths = (
				"${PODS_ROOT}/Target Support Files/Pods-Todoey/Pods-Todoey-frameworks-${CONFIGURATION}-input-files.xcfilelist",
			);
			name = "[CP] Embed Pods Frameworks";
			outputFileListPaths = (
				"${PODS_ROOT}/Target Support Files/Pods-Todoey/Pods-Todoey-frameworks-${CONFIGURATION}-output-files.xcfilelist",
			);
			runOnlyForDeploymentPostprocessing = 0;
			shellPath = /bin/sh;
			shellScript = "\"${PODS_ROOT}/Target Support Files/Pods-Todoey/Pods-Todoey-frameworks.sh\"\n";
			showEnvVarsInLog = 0;
		};
		EB2A65594FE9F247AE0DA250 /* [CP] Check Pods Manifest.lock */ = {
			isa = PBXShellScriptBuildPhase;
			buildActionMask = 2147483647;
			files = (
			);
			inputPaths = (
				"${PODS_PODFILE_DIR_PATH}/Podfile.lock",
				"${PODS_ROOT}/Manifest.lock",
			);
			name = "[CP] Check Pods Manifest.lock";
			outputPaths = (
				"$(DERIVED_FILE_DIR)/Pods-Todoey-checkManifestLockResult.txt",
			);
			runOnlyForDeploymentPostprocessing = 0;
			shellPath = /bin/sh;
			shellScript = "diff \"${PODS_PODFILE_DIR_PATH}/Podfile.lock\" \"${PODS_ROOT}/Manifest.lock\" > /dev/null\nif [ $? != 0 ] ; then\n    # print error to STDERR\n    echo \"error: The sandbox is not in sync with the Podfile.lock. Run 'pod install' or update your CocoaPods installation.\" >&2\n    exit 1\nfi\n# This output is used by Xcode 'outputs' to avoid re-running this script phase.\necho \"SUCCESS\" > \"${SCRIPT_OUTPUT_FILE_0}\"\n";
			showEnvVarsInLog = 0;
		};
/* End PBXShellScriptBuildPhase section */

/* Begin PBXSourcesBuildPhase section */
		E3194FFA2350E4EB008EF452 /* Sources */ = {
			isa = PBXSourcesBuildPhase;
			buildActionMask = 2147483647;
			files = (
				E307C385235F340400822542 /* Item.swift in Sources */,
				E3348C2323536E5E00E4DADD /* CategoryViewController.swift in Sources */,
				E31950042350E4EB008EF452 /* TodoListViewController.swift in Sources */,
				E31950022350E4EB008EF452 /* AppDelegate.swift in Sources */,
				E31BABB32360CB3400E06ECD /* SwipeTableViewController.swift in Sources */,
				E307C387235F341600822542 /* Category.swift in Sources */,
			);
			runOnlyForDeploymentPostprocessing = 0;
		};
/* End PBXSourcesBuildPhase section */

/* Begin PBXVariantGroup section */
		E31950052350E4EB008EF452 /* Main.storyboard */ = {
			isa = PBXVariantGroup;
			children = (
				E31950062350E4EB008EF452 /* Base */,
			);
			name = Main.storyboard;
			sourceTree = "<group>";
		};
		E319500A2350E4ED008EF452 /* LaunchScreen.storyboard */ = {
			isa = PBXVariantGroup;
			children = (
				E319500B2350E4ED008EF452 /* Base */,
			);
			name = LaunchScreen.storyboard;
			sourceTree = "<group>";
		};
/* End PBXVariantGroup section */

/* Begin XCBuildConfiguration section */
		E319500E2350E4ED008EF452 /* Debug */ = {
			isa = XCBuildConfiguration;
			buildSettings = {
				ALWAYS_SEARCH_USER_PATHS = NO;
				CLANG_ANALYZER_NONNULL = YES;
				CLANG_ANALYZER_NUMBER_OBJECT_CONVERSION = YES_AGGRESSIVE;
				CLANG_CXX_LANGUAGE_STANDARD = "gnu++14";
				CLANG_CXX_LIBRARY = "libc++";
				CLANG_ENABLE_MODULES = YES;
				CLANG_ENABLE_OBJC_ARC = YES;
				CLANG_ENABLE_OBJC_WEAK = YES;
				CLANG_WARN_BLOCK_CAPTURE_AUTORELEASING = YES;
				CLANG_WARN_BOOL_CONVERSION = YES;
				CLANG_WARN_COMMA = YES;
				CLANG_WARN_CONSTANT_CONVERSION = YES;
				CLANG_WARN_DEPRECATED_OBJC_IMPLEMENTATIONS = YES;
				CLANG_WARN_DIRECT_OBJC_ISA_USAGE = YES_ERROR;
				CLANG_WARN_DOCUMENTATION_COMMENTS = YES;
				CLANG_WARN_EMPTY_BODY = YES;
				CLANG_WARN_ENUM_CONVERSION = YES;
				CLANG_WARN_INFINITE_RECURSION = YES;
				CLANG_WARN_INT_CONVERSION = YES;
				CLANG_WARN_NON_LITERAL_NULL_CONVERSION = YES;
				CLANG_WARN_OBJC_IMPLICIT_RETAIN_SELF = YES;
				CLANG_WARN_OBJC_LITERAL_CONVERSION = YES;
				CLANG_WARN_OBJC_ROOT_CLASS = YES_ERROR;
				CLANG_WARN_RANGE_LOOP_ANALYSIS = YES;
				CLANG_WARN_STRICT_PROTOTYPES = YES;
				CLANG_WARN_SUSPICIOUS_MOVE = YES;
				CLANG_WARN_UNGUARDED_AVAILABILITY = YES_AGGRESSIVE;
				CLANG_WARN_UNREACHABLE_CODE = YES;
				CLANG_WARN__DUPLICATE_METHOD_MATCH = YES;
				CODE_SIGN_IDENTITY = "iPhone Developer";
				COPY_PHASE_STRIP = NO;
				DEBUG_INFORMATION_FORMAT = dwarf;
				ENABLE_STRICT_OBJC_MSGSEND = YES;
				ENABLE_TESTABILITY = YES;
				GCC_C_LANGUAGE_STANDARD = gnu11;
				GCC_DYNAMIC_NO_PIC = NO;
				GCC_NO_COMMON_BLOCKS = YES;
				GCC_OPTIMIZATION_LEVEL = 0;
				GCC_PREPROCESSOR_DEFINITIONS = (
					"DEBUG=1",
					"$(inherited)",
				);
				GCC_WARN_64_TO_32_BIT_CONVERSION = YES;
				GCC_WARN_ABOUT_RETURN_TYPE = YES_ERROR;
				GCC_WARN_UNDECLARED_SELECTOR = YES;
				GCC_WARN_UNINITIALIZED_AUTOS = YES_AGGRESSIVE;
				GCC_WARN_UNUSED_FUNCTION = YES;
				GCC_WARN_UNUSED_VARIABLE = YES;
				IPHONEOS_DEPLOYMENT_TARGET = 11.4;
				MTL_ENABLE_DEBUG_INFO = YES;
				ONLY_ACTIVE_ARCH = YES;
				SDKROOT = iphoneos;
				SWIFT_ACTIVE_COMPILATION_CONDITIONS = DEBUG;
				SWIFT_OPTIMIZATION_LEVEL = "-Onone";
			};
			name = Debug;
		};
		E319500F2350E4ED008EF452 /* Release */ = {
			isa = XCBuildConfiguration;
			buildSettings = {
				ALWAYS_SEARCH_USER_PATHS = NO;
				CLANG_ANALYZER_NONNULL = YES;
				CLANG_ANALYZER_NUMBER_OBJECT_CONVERSION = YES_AGGRESSIVE;
				CLANG_CXX_LANGUAGE_STANDARD = "gnu++14";
				CLANG_CXX_LIBRARY = "libc++";
				CLANG_ENABLE_MODULES = YES;
				CLANG_ENABLE_OBJC_ARC = YES;
				CLANG_ENABLE_OBJC_WEAK = YES;
				CLANG_WARN_BLOCK_CAPTURE_AUTORELEASING = YES;
				CLANG_WARN_BOOL_CONVERSION = YES;
				CLANG_WARN_COMMA = YES;
				CLANG_WARN_CONSTANT_CONVERSION = YES;
				CLANG_WARN_DEPRECATED_OBJC_IMPLEMENTATIONS = YES;
				CLANG_WARN_DIRECT_OBJC_ISA_USAGE = YES_ERROR;
				CLANG_WARN_DOCUMENTATION_COMMENTS = YES;
				CLANG_WARN_EMPTY_BODY = YES;
				CLANG_WARN_ENUM_CONVERSION = YES;
				CLANG_WARN_INFINITE_RECURSION = YES;
				CLANG_WARN_INT_CONVERSION = YES;
				CLANG_WARN_NON_LITERAL_NULL_CONVERSION = YES;
				CLANG_WARN_OBJC_IMPLICIT_RETAIN_SELF = YES;
				CLANG_WARN_OBJC_LITERAL_CONVERSION = YES;
				CLANG_WARN_OBJC_ROOT_CLASS = YES_ERROR;
				CLANG_WARN_RANGE_LOOP_ANALYSIS = YES;
				CLANG_WARN_STRICT_PROTOTYPES = YES;
				CLANG_WARN_SUSPICIOUS_MOVE = YES;
				CLANG_WARN_UNGUARDED_AVAILABILITY = YES_AGGRESSIVE;
				CLANG_WARN_UNREACHABLE_CODE = YES;
				CLANG_WARN__DUPLICATE_METHOD_MATCH = YES;
				CODE_SIGN_IDENTITY = "iPhone Developer";
				COPY_PHASE_STRIP = NO;
				DEBUG_INFORMATION_FORMAT = "dwarf-with-dsym";
				ENABLE_NS_ASSERTIONS = NO;
				ENABLE_STRICT_OBJC_MSGSEND = YES;
				GCC_C_LANGUAGE_STANDARD = gnu11;
				GCC_NO_COMMON_BLOCKS = YES;
				GCC_WARN_64_TO_32_BIT_CONVERSION = YES;
				GCC_WARN_ABOUT_RETURN_TYPE = YES_ERROR;
				GCC_WARN_UNDECLARED_SELECTOR = YES;
				GCC_WARN_UNINITIALIZED_AUTOS = YES_AGGRESSIVE;
				GCC_WARN_UNUSED_FUNCTION = YES;
				GCC_WARN_UNUSED_VARIABLE = YES;
				IPHONEOS_DEPLOYMENT_TARGET = 11.4;
				MTL_ENABLE_DEBUG_INFO = NO;
				SDKROOT = iphoneos;
				SWIFT_COMPILATION_MODE = wholemodule;
				SWIFT_OPTIMIZATION_LEVEL = "-O";
				VALIDATE_PRODUCT = YES;
			};
			name = Release;
		};
		E31950112350E4ED008EF452 /* Debug */ = {
			isa = XCBuildConfiguration;
			baseConfigurationReference = B2C5ADEE9D0E499B764F93C4 /* Pods-Todoey.debug.xcconfig */;
			buildSettings = {
				ASSETCATALOG_COMPILER_APPICON_NAME = AppIcon;
				CODE_SIGN_STYLE = Automatic;
				INFOPLIST_FILE = Todoey/Info.plist;
				LD_RUNPATH_SEARCH_PATHS = (
					"$(inherited)",
					"@executable_path/Frameworks",
				);
				PRODUCT_BUNDLE_IDENTIFIER = com.fedorsemenov.Todoey;
				PRODUCT_NAME = "$(TARGET_NAME)";
				SWIFT_VERSION = 4.0;
				TARGETED_DEVICE_FAMILY = "1,2";
			};
			name = Debug;
		};
		E31950122350E4ED008EF452 /* Release */ = {
			isa = XCBuildConfiguration;
			baseConfigurationReference = 76B72EF89CEB975802BBB7E8 /* Pods-Todoey.release.xcconfig */;
			buildSettings = {
				ASSETCATALOG_COMPILER_APPICON_NAME = AppIcon;
				CODE_SIGN_STYLE = Automatic;
				INFOPLIST_FILE = Todoey/Info.plist;
				LD_RUNPATH_SEARCH_PATHS = (
					"$(inherited)",
					"@executable_path/Frameworks",
				);
				PRODUCT_BUNDLE_IDENTIFIER = com.fedorsemenov.Todoey;
				PRODUCT_NAME = "$(TARGET_NAME)";
				SWIFT_VERSION = 4.0;
				TARGETED_DEVICE_FAMILY = "1,2";
			};
			name = Release;
		};
/* End XCBuildConfiguration section */

/* Begin XCConfigurationList section */
		E3194FF92350E4EB008EF452 /* Build configuration list for PBXProject "Todoey" */ = {
			isa = XCConfigurationList;
			buildConfigurations = (
				E319500E2350E4ED008EF452 /* Debug */,
				E319500F2350E4ED008EF452 /* Release */,
			);
			defaultConfigurationIsVisible = 0;
			defaultConfigurationName = Release;
		};
		E31950102350E4ED008EF452 /* Build configuration list for PBXNativeTarget "Todoey" */ = {
			isa = XCConfigurationList;
			buildConfigurations = (
				E31950112350E4ED008EF452 /* Debug */,
				E31950122350E4ED008EF452 /* Release */,
			);
			defaultConfigurationIsVisible = 0;
			defaultConfigurationName = Release;
		};
/* End XCConfigurationList section */
	};
	rootObject = E3194FF62350E4EB008EF452 /* Project object */;
}
